
Microsoft Visual Studio Solution File, Format Version 12.00
# Visual Studio Version 16
VisualStudioVersion = 16.0.30611.23
MinimumVisualStudioVersion = 10.0.40219.1
Project("{FAE04EC0-301F-11D3-BF4B-00C04F79EFBC}") = "SocksProblem", "SocksProblem\SocksProblem.csproj", "{D889CADA-AE4B-4317-BEFA-F4B9C5F5EB68}"
EndProject
Global
	GlobalSection(SolutionConfigurationPlatforms) = preSolution
		Debug|Any CPU = Debug|Any CPU
		Release|Any CPU = Release|Any CPU
	EndGlobalSection
	GlobalSection(ProjectConfigurationPlatforms) = postSolution
		{D889CADA-AE4B-4317-BEFA-F4B9C5F5EB68}.Debug|Any CPU.ActiveCfg = Debug|Any CPU
		{D889CADA-AE4B-4317-BEFA-F4B9C5F5EB68}.Debug|Any CPU.Build.0 = Debug|Any CPU
		{D889CADA-AE4B-4317-BEFA-F4B9C5F5EB68}.Release|Any CPU.ActiveCfg = Release|Any CPU
		{D889CADA-AE4B-4317-BEFA-F4B9C5F5EB68}.Release|Any CPU.Build.0 = Release|Any CPU
	EndGlobalSection
	GlobalSection(SolutionProperties) = preSolution
		HideSolutionNode = FALSE
	EndGlobalSection
	GlobalSection(ExtensibilityGlobals) = postSolution
		SolutionGuid = {A7D47ED4-FE28-4136-BC8E-F80B5CA9BB79}
	EndGlobalSection
EndGlobal
